// !$*UTF8*$!
{
	archiveVersion = 1;
	classes = {
	};
	objectVersion = 56;
	objects = {

/* Begin PBXBuildFile section */
		71C02F1B29F5590000014FDC /* AppDelegate.swift in Sources */ = {isa = PBXBuildFile; fileRef = 71C02F1A29F5590000014FDC /* AppDelegate.swift */; };
		71C02F1D29F5590000014FDC /* SceneDelegate.swift in Sources */ = {isa = PBXBuildFile; fileRef = 71C02F1C29F5590000014FDC /* SceneDelegate.swift */; };
		71C02F1F29F5590000014FDC /* ViewController.swift in Sources */ = {isa = PBXBuildFile; fileRef = 71C02F1E29F5590000014FDC /* ViewController.swift */; };
		71C02F2229F5590000014FDC /* Main.storyboard in Resources */ = {isa = PBXBuildFile; fileRef = 71C02F2029F5590000014FDC /* Main.storyboard */; };
		71C02F2429F5590200014FDC /* Assets.xcassets in Resources */ = {isa = PBXBuildFile; fileRef = 71C02F2329F5590200014FDC /* Assets.xcassets */; };
		71C02F2729F5590200014FDC /* LaunchScreen.storyboard in Resources */ = {isa = PBXBuildFile; fileRef = 71C02F2529F5590200014FDC /* LaunchScreen.storyboard */; };
		71C02F3229F5621200014FDC /* mockViewModel.swift in Sources */ = {isa = PBXBuildFile; fileRef = 71C02F3129F5621200014FDC /* mockViewModel.swift */; };
		71C02F3429F5624600014FDC /* Model.swift in Sources */ = {isa = PBXBuildFile; fileRef = 71C02F3329F5624600014FDC /* Model.swift */; };
		71C02F3629F5791B00014FDC /* TableViewCell.swift in Sources */ = {isa = PBXBuildFile; fileRef = 71C02F3529F5791B00014FDC /* TableViewCell.swift */; };
		71C02F6229F5A24800014FDC /* DetailViewController.swift in Sources */ = {isa = PBXBuildFile; fileRef = 71C02F6129F5A24800014FDC /* DetailViewController.swift */; };
/* End PBXBuildFile section */

/* Begin PBXFileReference section */
		71C02F1729F5590000014FDC /* NotiKU.app */ = {isa = PBXFileReference; explicitFileType = wrapper.application; includeInIndex = 0; path = NotiKU.app; sourceTree = BUILT_PRODUCTS_DIR; };
		71C02F1A29F5590000014FDC /* AppDelegate.swift */ = {isa = PBXFileReference; lastKnownFileType = sourcecode.swift; path = AppDelegate.swift; sourceTree = "<group>"; };
		71C02F1C29F5590000014FDC /* SceneDelegate.swift */ = {isa = PBXFileReference; lastKnownFileType = sourcecode.swift; path = SceneDelegate.swift; sourceTree = "<group>"; };
		71C02F1E29F5590000014FDC /* ViewController.swift */ = {isa = PBXFileReference; lastKnownFileType = sourcecode.swift; path = ViewController.swift; sourceTree = "<group>"; };
		71C02F2129F5590000014FDC /* Base */ = {isa = PBXFileReference; lastKnownFileType = file.storyboard; name = Base; path = Base.lproj/Main.storyboard; sourceTree = "<group>"; };
		71C02F2329F5590200014FDC /* Assets.xcassets */ = {isa = PBXFileReference; lastKnownFileType = folder.assetcatalog; path = Assets.xcassets; sourceTree = "<group>"; };
		71C02F2629F5590200014FDC /* Base */ = {isa = PBXFileReference; lastKnownFileType = file.storyboard; name = Base; path = Base.lproj/LaunchScreen.storyboard; sourceTree = "<group>"; };
		71C02F2829F5590200014FDC /* Info.plist */ = {isa = PBXFileReference; lastKnownFileType = text.plist.xml; path = Info.plist; sourceTree = "<group>"; };
		71C02F3129F5621200014FDC /* mockViewModel.swift */ = {isa = PBXFileReference; lastKnownFileType = sourcecode.swift; path = mockViewModel.swift; sourceTree = "<group>"; };
		71C02F3329F5624600014FDC /* Model.swift */ = {isa = PBXFileReference; lastKnownFileType = sourcecode.swift; path = Model.swift; sourceTree = "<group>"; };
		71C02F3529F5791B00014FDC /* TableViewCell.swift */ = {isa = PBXFileReference; lastKnownFileType = sourcecode.swift; path = TableViewCell.swift; sourceTree = "<group>"; };
		71C02F6129F5A24800014FDC /* DetailViewController.swift */ = {isa = PBXFileReference; lastKnownFileType = sourcecode.swift; path = DetailViewController.swift; sourceTree = "<group>"; };
/* End PBXFileReference section */

/* Begin PBXFrameworksBuildPhase section */
		71C02F1429F5590000014FDC /* Frameworks */ = {
			isa = PBXFrameworksBuildPhase;
			buildActionMask = 2147483647;
			files = (
			);
			runOnlyForDeploymentPostprocessing = 0;
		};
/* End PBXFrameworksBuildPhase section */

/* Begin PBXGroup section */
		71C02F0E29F5590000014FDC = {
			isa = PBXGroup;
			children = (
				71C02F1929F5590000014FDC /* NotiKU */,
				71C02F1829F5590000014FDC /* Products */,
			);
			sourceTree = "<group>";
		};
		71C02F1829F5590000014FDC /* Products */ = {
			isa = PBXGroup;
			children = (
				71C02F1729F5590000014FDC /* NotiKU.app */,
			);
			name = Products;
			sourceTree = "<group>";
		};
		71C02F1929F5590000014FDC /* NotiKU */ = {
			isa = PBXGroup;
			children = (
				71C02F6029F5A1FE00014FDC /* Controller */,
				71C02F3029F5593500014FDC /* Model */,
				71C02F2F29F5592C00014FDC /* ViewModel */,
				71C02F2E29F5591C00014FDC /* View */,
				71C02F1A29F5590000014FDC /* AppDelegate.swift */,
				71C02F1C29F5590000014FDC /* SceneDelegate.swift */,
				71C02F2029F5590000014FDC /* Main.storyboard */,
				71C02F2329F5590200014FDC /* Assets.xcassets */,
				71C02F2529F5590200014FDC /* LaunchScreen.storyboard */,
				71C02F2829F5590200014FDC /* Info.plist */,
			);
			path = NotiKU;
			sourceTree = "<group>";
		};
		71C02F2E29F5591C00014FDC /* View */ = {
			isa = PBXGroup;
			children = (
				71C02F3529F5791B00014FDC /* TableViewCell.swift */,
			);
			path = View;
			sourceTree = "<group>";
		};
		71C02F2F29F5592C00014FDC /* ViewModel */ = {
			isa = PBXGroup;
			children = (
				71C02F3129F5621200014FDC /* mockViewModel.swift */,
			);
			path = ViewModel;
			sourceTree = "<group>";
		};
		71C02F3029F5593500014FDC /* Model */ = {
			isa = PBXGroup;
			children = (
				71C02F3329F5624600014FDC /* Model.swift */,
			);
			path = Model;
			sourceTree = "<group>";
		};
		71C02F6029F5A1FE00014FDC /* Controller */ = {
			isa = PBXGroup;
			children = (
				71C02F1E29F5590000014FDC /* ViewController.swift */,
				71C02F6129F5A24800014FDC /* DetailViewController.swift */,
			);
			path = Controller;
			sourceTree = "<group>";
		};
/* End PBXGroup section */

/* Begin PBXNativeTarget section */
		71C02F1629F5590000014FDC /* NotiKU */ = {
			isa = PBXNativeTarget;
			buildConfigurationList = 71C02F2B29F5590200014FDC /* Build configuration list for PBXNativeTarget "NotiKU" */;
			buildPhases = (
				71C02F1329F5590000014FDC /* Sources */,
				71C02F1429F5590000014FDC /* Frameworks */,
				71C02F1529F5590000014FDC /* Resources */,
			);
			buildRules = (
			);
			dependencies = (
			);
			name = NotiKU;
			productName = NotiKU;
			productReference = 71C02F1729F5590000014FDC /* NotiKU.app */;
			productType = "com.apple.product-type.application";
		};
/* End PBXNativeTarget section */

/* Begin PBXProject section */
		71C02F0F29F5590000014FDC /* Project object */ = {
			isa = PBXProject;
			attributes = {
				BuildIndependentTargetsInParallel = 1;
				LastSwiftUpdateCheck = 1430;
				LastUpgradeCheck = 1430;
				TargetAttributes = {
					71C02F1629F5590000014FDC = {
						CreatedOnToolsVersion = 14.3;
					};
				};
			};
			buildConfigurationList = 71C02F1229F5590000014FDC /* Build configuration list for PBXProject "NotiKU" */;
			compatibilityVersion = "Xcode 14.0";
			developmentRegion = en;
			hasScannedForEncodings = 0;
			knownRegions = (
				en,
				Base,
			);
			mainGroup = 71C02F0E29F5590000014FDC;
			productRefGroup = 71C02F1829F5590000014FDC /* Products */;
			projectDirPath = "";
			projectRoot = "";
			targets = (
				71C02F1629F5590000014FDC /* NotiKU */,
			);
		};
/* End PBXProject section */

/* Begin PBXResourcesBuildPhase section */
		71C02F1529F5590000014FDC /* Resources */ = {
			isa = PBXResourcesBuildPhase;
			buildActionMask = 2147483647;
			files = (
				71C02F2729F5590200014FDC /* LaunchScreen.storyboard in Resources */,
				71C02F2429F5590200014FDC /* Assets.xcassets in Resources */,
				71C02F2229F5590000014FDC /* Main.storyboard in Resources */,
			);
			runOnlyForDeploymentPostprocessing = 0;
		};
/* End PBXResourcesBuildPhase section */

/* Begin PBXSourcesBuildPhase section */
		71C02F1329F5590000014FDC /* Sources */ = {
			isa = PBXSourcesBuildPhase;
			buildActionMask = 2147483647;
			files = (
				71C02F3429F5624600014FDC /* Model.swift in Sources */,
				71C02F3229F5621200014FDC /* mockViewModel.swift in Sources */,
				71C02F1F29F5590000014FDC /* ViewController.swift in Sources */,
				71C02F3629F5791B00014FDC /* TableViewCell.swift in Sources */,
				71C02F1B29F5590000014FDC /* AppDelegate.swift in Sources */,
				71C02F1D29F5590000014FDC /* SceneDelegate.swift in Sources */,
				71C02F6229F5A24800014FDC /* DetailViewController.swift in Sources */,
			);
			runOnlyForDeploymentPostprocessing = 0;
		};
/* End PBXSourcesBuildPhase section */

/* Begin PBXVariantGroup section */
		71C02F2029F5590000014FDC /* Main.storyboard */ = {
			isa = PBXVariantGroup;
			children = (
				71C02F2129F5590000014FDC /* Base */,
			);
			name = Main.storyboard;
			sourceTree = "<group>";
		};
		71C02F2529F5590200014FDC /* LaunchScreen.storyboard */ = {
			isa = PBXVariantGroup;
			children = (
				71C02F2629F5590200014FDC /* Base */,
			);
			name = LaunchScreen.storyboard;
			sourceTree = "<group>";
		};
/* End PBXVariantGroup section */

/* Begin XCBuildConfiguration section */
		71C02F2929F5590200014FDC /* Debug */ = {
			isa = XCBuildConfiguration;
			buildSettings = {
				ALWAYS_SEARCH_USER_PATHS = NO;
				CLANG_ANALYZER_NONNULL = YES;
				CLANG_ANALYZER_NUMBER_OBJECT_CONVERSION = YES_AGGRESSIVE;
				CLANG_CXX_LANGUAGE_STANDARD = "gnu++20";
				CLANG_ENABLE_MODULES = YES;
				CLANG_ENABLE_OBJC_ARC = YES;
				CLANG_ENABLE_OBJC_WEAK = YES;
				CLANG_WARN_BLOCK_CAPTURE_AUTORELEASING = YES;
				CLANG_WARN_BOOL_CONVERSION = YES;
				CLANG_WARN_COMMA = YES;
				CLANG_WARN_CONSTANT_CONVERSION = YES;
				CLANG_WARN_DEPRECATED_OBJC_IMPLEMENTATIONS = YES;
				CLANG_WARN_DIRECT_OBJC_ISA_USAGE = YES_ERROR;
				CLANG_WARN_DOCUMENTATION_COMMENTS = YES;
				CLANG_WARN_EMPTY_BODY = YES;
				CLANG_WARN_ENUM_CONVERSION = YES;
				CLANG_WARN_INFINITE_RECURSION = YES;
				CLANG_WARN_INT_CONVERSION = YES;
				CLANG_WARN_NON_LITERAL_NULL_CONVERSION = YES;
				CLANG_WARN_OBJC_IMPLICIT_RETAIN_SELF = YES;
				CLANG_WARN_OBJC_LITERAL_CONVERSION = YES;
				CLANG_WARN_OBJC_ROOT_CLASS = YES_ERROR;
				CLANG_WARN_QUOTED_INCLUDE_IN_FRAMEWORK_HEADER = YES;
				CLANG_WARN_RANGE_LOOP_ANALYSIS = YES;
				CLANG_WARN_STRICT_PROTOTYPES = YES;
				CLANG_WARN_SUSPICIOUS_MOVE = YES;
				CLANG_WARN_UNGUARDED_AVAILABILITY = YES_AGGRESSIVE;
				CLANG_WARN_UNREACHABLE_CODE = YES;
				CLANG_WARN__DUPLICATE_METHOD_MATCH = YES;
				COPY_PHASE_STRIP = NO;
				DEBUG_INFORMATION_FORMAT = dwarf;
				ENABLE_STRICT_OBJC_MSGSEND = YES;
				ENABLE_TESTABILITY = YES;
				GCC_C_LANGUAGE_STANDARD = gnu11;
				GCC_DYNAMIC_NO_PIC = NO;
				GCC_NO_COMMON_BLOCKS = YES;
				GCC_OPTIMIZATION_LEVEL = 0;
				GCC_PREPROCESSOR_DEFINITIONS = (
					"DEBUG=1",
					"$(inherited)",
				);
				GCC_WARN_64_TO_32_BIT_CONVERSION = YES;
				GCC_WARN_ABOUT_RETURN_TYPE = YES_ERROR;
				GCC_WARN_UNDECLARED_SELECTOR = YES;
				GCC_WARN_UNINITIALIZED_AUTOS = YES_AGGRESSIVE;
				GCC_WARN_UNUSED_FUNCTION = YES;
				GCC_WARN_UNUSED_VARIABLE = YES;
				IPHONEOS_DEPLOYMENT_TARGET = 16.4;
				MTL_ENABLE_DEBUG_INFO = INCLUDE_SOURCE;
				MTL_FAST_MATH = YES;
				ONLY_ACTIVE_ARCH = YES;
				SDKROOT = iphoneos;
				SWIFT_ACTIVE_COMPILATION_CONDITIONS = DEBUG;
				SWIFT_OPTIMIZATION_LEVEL = "-Onone";
			};
			name = Debug;
		};
		71C02F2A29F5590200014FDC /* Release */ = {
			isa = XCBuildConfiguration;
			buildSettings = {
				ALWAYS_SEARCH_USER_PATHS = NO;
				CLANG_ANALYZER_NONNULL = YES;
				CLANG_ANALYZER_NUMBER_OBJECT_CONVERSION = YES_AGGRESSIVE;
				CLANG_CXX_LANGUAGE_STANDARD = "gnu++20";
				CLANG_ENABLE_MODULES = YES;
				CLANG_ENABLE_OBJC_ARC = YES;
				CLANG_ENABLE_OBJC_WEAK = YES;
				CLANG_WARN_BLOCK_CAPTURE_AUTORELEASING = YES;
				CLANG_WARN_BOOL_CONVERSION = YES;
				CLANG_WARN_COMMA = YES;
				CLANG_WARN_CONSTANT_CONVERSION = YES;
				CLANG_WARN_DEPRECATED_OBJC_IMPLEMENTATIONS = YES;
				CLANG_WARN_DIRECT_OBJC_ISA_USAGE = YES_ERROR;
				CLANG_WARN_DOCUMENTATION_COMMENTS = YES;
				CLANG_WARN_EMPTY_BODY = YES;
				CLANG_WARN_ENUM_CONVERSION = YES;
				CLANG_WARN_INFINITE_RECURSION = YES;
				CLANG_WARN_INT_CONVERSION = YES;
				CLANG_WARN_NON_LITERAL_NULL_CONVERSION = YES;
				CLANG_WARN_OBJC_IMPLICIT_RETAIN_SELF = YES;
				CLANG_WARN_OBJC_LITERAL_CONVERSION = YES;
				CLANG_WARN_OBJC_ROOT_CLASS = YES_ERROR;
				CLANG_WARN_QUOTED_INCLUDE_IN_FRAMEWORK_HEADER = YES;
				CLANG_WARN_RANGE_LOOP_ANALYSIS = YES;
				CLANG_WARN_STRICT_PROTOTYPES = YES;
				CLANG_WARN_SUSPICIOUS_MOVE = YES;
				CLANG_WARN_UNGUARDED_AVAILABILITY = YES_AGGRESSIVE;
				CLANG_WARN_UNREACHABLE_CODE = YES;
				CLANG_WARN__DUPLICATE_METHOD_MATCH = YES;
				COPY_PHASE_STRIP = NO;
				DEBUG_INFORMATION_FORMAT = "dwarf-with-dsym";
				ENABLE_NS_ASSERTIONS = NO;
				ENABLE_STRICT_OBJC_MSGSEND = YES;
				GCC_C_LANGUAGE_STANDARD = gnu11;
				GCC_NO_COMMON_BLOCKS = YES;
				GCC_WARN_64_TO_32_BIT_CONVERSION = YES;
				GCC_WARN_ABOUT_RETURN_TYPE = YES_ERROR;
				GCC_WARN_UNDECLARED_SELECTOR = YES;
				GCC_WARN_UNINITIALIZED_AUTOS = YES_AGGRESSIVE;
				GCC_WARN_UNUSED_FUNCTION = YES;
				GCC_WARN_UNUSED_VARIABLE = YES;
				IPHONEOS_DEPLOYMENT_TARGET = 16.4;
				MTL_ENABLE_DEBUG_INFO = NO;
				MTL_FAST_MATH = YES;
				SDKROOT = iphoneos;
				SWIFT_COMPILATION_MODE = wholemodule;
				SWIFT_OPTIMIZATION_LEVEL = "-O";
				VALIDATE_PRODUCT = YES;
			};
			name = Release;
		};
		71C02F2C29F5590200014FDC /* Debug */ = {
			isa = XCBuildConfiguration;
			buildSettings = {
				ASSETCATALOG_COMPILER_APPICON_NAME = AppIcon;
				ASSETCATALOG_COMPILER_GLOBAL_ACCENT_COLOR_NAME = AccentColor;
				CODE_SIGN_STYLE = Automatic;
				CURRENT_PROJECT_VERSION = 1;
				DEVELOPMENT_TEAM = CBACKRJ83S;
				GENERATE_INFOPLIST_FILE = YES;
				INFOPLIST_FILE = NotiKU/Info.plist;
				INFOPLIST_KEY_UIApplicationSupportsIndirectInputEvents = YES;
				INFOPLIST_KEY_UILaunchStoryboardName = LaunchScreen;
				INFOPLIST_KEY_UIMainStoryboardFile = Main;
				INFOPLIST_KEY_UISupportedInterfaceOrientations_iPad = "UIInterfaceOrientationPortrait UIInterfaceOrientationPortraitUpsideDown UIInterfaceOrientationLandscapeLeft UIInterfaceOrientationLandscapeRight";
				INFOPLIST_KEY_UISupportedInterfaceOrientations_iPhone = "UIInterfaceOrientationPortrait UIInterfaceOrientationLandscapeLeft UIInterfaceOrientationLandscapeRight";
				LD_RUNPATH_SEARCH_PATHS = (
					"$(inherited)",
					"@executable_path/Frameworks",
				);
				MARKETING_VERSION = 1.0;
				PRODUCT_BUNDLE_IDENTIFIER = com.kul.boonanake.NotiKU;
				PRODUCT_NAME = "$(TARGET_NAME)";
				SWIFT_EMIT_LOC_STRINGS = YES;
				SWIFT_VERSION = 5.0;
				TARGETED_DEVICE_FAMILY = "1,2";
			};
			name = Debug;
		};
		71C02F2D29F5590200014FDC /* Release */ = {
			isa = XCBuildConfiguration;
			buildSettings = {
				ASSETCATALOG_COMPILER_APPICON_NAME = AppIcon;
				ASSETCATALOG_COMPILER_GLOBAL_ACCENT_COLOR_NAME = AccentColor;
				CODE_SIGN_STYLE = Automatic;
				CURRENT_PROJECT_VERSION = 1;
				DEVELOPMENT_TEAM = CBACKRJ83S;
				GENERATE_INFOPLIST_FILE = YES;
				INFOPLIST_FILE = NotiKU/Info.plist;
				INFOPLIST_KEY_UIApplicationSupportsIndirectInputEvents = YES;
				INFOPLIST_KEY_UILaunchStoryboardName = LaunchScreen;
				INFOPLIST_KEY_UIMainStoryboardFile = Main;
				INFOPLIST_KEY_UISupportedInterfaceOrientations_iPad = "UIInterfaceOrientationPortrait UIInterfaceOrientationPortraitUpsideDown UIInterfaceOrientationLandscapeLeft UIInterfaceOrientationLandscapeRight";
				INFOPLIST_KEY_UISupportedInterfaceOrientations_iPhone = "UIInterfaceOrientationPortrait UIInterfaceOrientationLandscapeLeft UIInterfaceOrientationLandscapeRight";
				LD_RUNPATH_SEARCH_PATHS = (
					"$(inherited)",
					"@executable_path/Frameworks",
				);
				MARKETING_VERSION = 1.0;
				PRODUCT_BUNDLE_IDENTIFIER = com.kul.boonanake.NotiKU;
				PRODUCT_NAME = "$(TARGET_NAME)";
				SWIFT_EMIT_LOC_STRINGS = YES;
				SWIFT_VERSION = 5.0;
				TARGETED_DEVICE_FAMILY = "1,2";
			};
			name = Release;
		};
/* End XCBuildConfiguration section */

/* Begin XCConfigurationList section */
		71C02F1229F5590000014FDC /* Build configuration list for PBXProject "NotiKU" */ = {
			isa = XCConfigurationList;
			buildConfigurations = (
				71C02F2929F5590200014FDC /* Debug */,
				71C02F2A29F5590200014FDC /* Release */,
			);
			defaultConfigurationIsVisible = 0;
			defaultConfigurationName = Release;
		};
		71C02F2B29F5590200014FDC /* Build configuration list for PBXNativeTarget "NotiKU" */ = {
			isa = XCConfigurationList;
			buildConfigurations = (
				71C02F2C29F5590200014FDC /* Debug */,
				71C02F2D29F5590200014FDC /* Release */,
			);
			defaultConfigurationIsVisible = 0;
			defaultConfigurationName = Release;
		};
/* End XCConfigurationList section */
	};
	rootObject = 71C02F0F29F5590000014FDC /* Project object */;
}
